
Microsoft Visual Studio Solution File, Format Version 12.00
# Visual Studio 15
VisualStudioVersion = 15.0.28307.757
MinimumVisualStudioVersion = 10.0.40219.1
Project("{FAE04EC0-301F-11D3-BF4B-00C04F79EFBC}") = "Kobe", "Kobe\Kobe.csproj", "{668A1175-525C-42F4-8265-6103366CE562}"
EndProject
Project("{FAE04EC0-301F-11D3-BF4B-00C04F79EFBC}") = "Kobe.Domain", "Kobe.Domain\Kobe.Domain.csproj", "{AA70106F-CC44-4EA0-AC0B-C5450B2CF192}"
EndProject
Project("{FAE04EC0-301F-11D3-BF4B-00C04F79EFBC}") = "Kobe.Service", "Kobe.Service\Kobe.Service.csproj", "{20AAC6BF-E18A-4226-835B-4444D01A87C7}"
EndProject
Project("{FAE04EC0-301F-11D3-BF4B-00C04F79EFBC}") = "Kobe.Data", "Kobe.Data\Kobe.Data.csproj", "{9C01FB00-23B5-42B2-8569-639941AEAF84}"
EndProject
Global
	GlobalSection(SolutionConfigurationPlatforms) = preSolution
		Debug|Any CPU = Debug|Any CPU
		Release|Any CPU = Release|Any CPU
	EndGlobalSection
	GlobalSection(ProjectConfigurationPlatforms) = postSolution
		{668A1175-525C-42F4-8265-6103366CE562}.Debug|Any CPU.ActiveCfg = Debug|Any CPU
		{668A1175-525C-42F4-8265-6103366CE562}.Debug|Any CPU.Build.0 = Debug|Any CPU
		{668A1175-525C-42F4-8265-6103366CE562}.Release|Any CPU.ActiveCfg = Release|Any CPU
		{668A1175-525C-42F4-8265-6103366CE562}.Release|Any CPU.Build.0 = Release|Any CPU
		{AA70106F-CC44-4EA0-AC0B-C5450B2CF192}.Debug|Any CPU.ActiveCfg = Debug|Any CPU
		{AA70106F-CC44-4EA0-AC0B-C5450B2CF192}.Debug|Any CPU.Build.0 = Debug|Any CPU
		{AA70106F-CC44-4EA0-AC0B-C5450B2CF192}.Release|Any CPU.ActiveCfg = Release|Any CPU
		{AA70106F-CC44-4EA0-AC0B-C5450B2CF192}.Release|Any CPU.Build.0 = Release|Any CPU
		{20AAC6BF-E18A-4226-835B-4444D01A87C7}.Debug|Any CPU.ActiveCfg = Debug|Any CPU
		{20AAC6BF-E18A-4226-835B-4444D01A87C7}.Debug|Any CPU.Build.0 = Debug|Any CPU
		{20AAC6BF-E18A-4226-835B-4444D01A87C7}.Release|Any CPU.ActiveCfg = Release|Any CPU
		{20AAC6BF-E18A-4226-835B-4444D01A87C7}.Release|Any CPU.Build.0 = Release|Any CPU
		{9C01FB00-23B5-42B2-8569-639941AEAF84}.Debug|Any CPU.ActiveCfg = Debug|Any CPU
		{9C01FB00-23B5-42B2-8569-639941AEAF84}.Debug|Any CPU.Build.0 = Debug|Any CPU
		{9C01FB00-23B5-42B2-8569-639941AEAF84}.Release|Any CPU.ActiveCfg = Release|Any CPU
		{9C01FB00-23B5-42B2-8569-639941AEAF84}.Release|Any CPU.Build.0 = Release|Any CPU
	EndGlobalSection
	GlobalSection(SolutionProperties) = preSolution
		HideSolutionNode = FALSE
	EndGlobalSection
	GlobalSection(ExtensibilityGlobals) = postSolution
		SolutionGuid = {BED11D50-ACFB-433A-9C4D-0FFE9DEC4D72}
	EndGlobalSection
EndGlobal
